
Microsoft Visual Studio Solution File, Format Version 12.00
# Visual Studio Version 17
VisualStudioVersion = 17.1.32319.34
MinimumVisualStudioVersion = 10.0.40219.1
Project("{FAE04EC0-301F-11D3-BF4B-00C04F79EFBC}") = "HangmanGame", "HangmanGame\HangmanGame.csproj", "{C593504F-903E-4435-B9BF-18C6D00DAD77}"
EndProject
Global
	GlobalSection(SolutionConfigurationPlatforms) = preSolution
		Debug|Any CPU = Debug|Any CPU
		Release|Any CPU = Release|Any CPU
	EndGlobalSection
	GlobalSection(ProjectConfigurationPlatforms) = postSolution
		{C593504F-903E-4435-B9BF-18C6D00DAD77}.Debug|Any CPU.ActiveCfg = Debug|Any CPU
		{C593504F-903E-4435-B9BF-18C6D00DAD77}.Debug|Any CPU.Build.0 = Debug|Any CPU
		{C593504F-903E-4435-B9BF-18C6D00DAD77}.Release|Any CPU.ActiveCfg = Release|Any CPU
		{C593504F-903E-4435-B9BF-18C6D00DAD77}.Release|Any CPU.Build.0 = Release|Any CPU
	EndGlobalSection
	GlobalSection(SolutionProperties) = preSolution
		HideSolutionNode = FALSE
	EndGlobalSection
	GlobalSection(ExtensibilityGlobals) = postSolution
		SolutionGuid = {228935F4-753E-49E9-9691-CED6D61DF21D}
	EndGlobalSection
EndGlobal
